// !$*UTF8*$!
{
	archiveVersion = 1;
	classes = {
	};
	objectVersion = 46;
	objects = {

/* Begin PBXBuildFile section */
		599031071AC3FB8B0088A43A /* DTCStarWarsCharacter.m in Sources */ = {isa = PBXBuildFile; fileRef = 599031061AC3FB8B0088A43A /* DTCStarWarsCharacter.m */; };
		5990310C1AC3FED80088A43A /* DTCCharacterViewController.m in Sources */ = {isa = PBXBuildFile; fileRef = 5990310A1AC3FED80088A43A /* DTCCharacterViewController.m */; };
		5990310D1AC3FED80088A43A /* DTCCharacterViewController.xib in Resources */ = {isa = PBXBuildFile; fileRef = 5990310B1AC3FED80088A43A /* DTCCharacterViewController.xib */; };
		5990311F1AC407380088A43A /* c3po.jpg in Resources */ = {isa = PBXBuildFile; fileRef = 5990310F1AC407380088A43A /* c3po.jpg */; };
		599031201AC407380088A43A /* chewbacca.jpg in Resources */ = {isa = PBXBuildFile; fileRef = 599031101AC407380088A43A /* chewbacca.jpg */; };
		599031211AC407380088A43A /* darthVader.jpg in Resources */ = {isa = PBXBuildFile; fileRef = 599031111AC407380088A43A /* darthVader.jpg */; };
		599031221AC407380088A43A /* icon.png in Resources */ = {isa = PBXBuildFile; fileRef = 599031121AC407380088A43A /* icon.png */; };
		599031231AC407380088A43A /* iconSmall.png in Resources */ = {isa = PBXBuildFile; fileRef = 599031131AC407380088A43A /* iconSmall.png */; };
		599031241AC407380088A43A /* palpatine.jpg in Resources */ = {isa = PBXBuildFile; fileRef = 599031141AC407380088A43A /* palpatine.jpg */; };
		599031251AC407380088A43A /* R2-D2.jpg in Resources */ = {isa = PBXBuildFile; fileRef = 599031151AC407380088A43A /* R2-D2.jpg */; };
		599031261AC407380088A43A /* tarkin.jpg in Resources */ = {isa = PBXBuildFile; fileRef = 599031161AC407380088A43A /* tarkin.jpg */; };
		599031271AC407380088A43A /* yoda.jpg in Resources */ = {isa = PBXBuildFile; fileRef = 599031171AC407380088A43A /* yoda.jpg */; };
		599031281AC407380088A43A /* c3po.caf in Resources */ = {isa = PBXBuildFile; fileRef = 599031181AC407380088A43A /* c3po.caf */; };
		599031291AC407380088A43A /* chewbacca.caf in Resources */ = {isa = PBXBuildFile; fileRef = 599031191AC407380088A43A /* chewbacca.caf */; };
		5990312A1AC407380088A43A /* palpatine.caf in Resources */ = {isa = PBXBuildFile; fileRef = 5990311A1AC407380088A43A /* palpatine.caf */; };
		5990312B1AC407380088A43A /* r2-d2.caf in Resources */ = {isa = PBXBuildFile; fileRef = 5990311B1AC407380088A43A /* r2-d2.caf */; };
		5990312C1AC407380088A43A /* tarkin.caf in Resources */ = {isa = PBXBuildFile; fileRef = 5990311C1AC407380088A43A /* tarkin.caf */; };
		5990312D1AC407380088A43A /* vader.caf in Resources */ = {isa = PBXBuildFile; fileRef = 5990311D1AC407380088A43A /* vader.caf */; };
		5990312E1AC407380088A43A /* yoda.caf in Resources */ = {isa = PBXBuildFile; fileRef = 5990311E1AC407380088A43A /* yoda.caf */; };
		599031361AC40E5F0088A43A /* DTCAudioPlayer.m in Sources */ = {isa = PBXBuildFile; fileRef = 599031351AC40E5F0088A43A /* DTCAudioPlayer.m */; };
		5990313A1AC417660088A43A /* DTCWikiViewController.m in Sources */ = {isa = PBXBuildFile; fileRef = 599031381AC417660088A43A /* DTCWikiViewController.m */; };
		5990313B1AC417660088A43A /* DTCWikiViewController.xib in Resources */ = {isa = PBXBuildFile; fileRef = 599031391AC417660088A43A /* DTCWikiViewController.xib */; };
		599F2DAA1AC499670071A0F4 /* DTCUniverseTableViewController.m in Sources */ = {isa = PBXBuildFile; fileRef = 599F2DA91AC499670071A0F4 /* DTCUniverseTableViewController.m */; };
		59A449C11AC2041100330D54 /* main.m in Sources */ = {isa = PBXBuildFile; fileRef = 59A449C01AC2041100330D54 /* main.m */; };
		59A449C41AC2041100330D54 /* AppDelegate.m in Sources */ = {isa = PBXBuildFile; fileRef = 59A449C31AC2041100330D54 /* AppDelegate.m */; };
		59A449C61AC2041100330D54 /* Images.xcassets in Resources */ = {isa = PBXBuildFile; fileRef = 59A449C51AC2041100330D54 /* Images.xcassets */; };
		59A449C91AC2041100330D54 /* LaunchScreen.xib in Resources */ = {isa = PBXBuildFile; fileRef = 59A449C71AC2041100330D54 /* LaunchScreen.xib */; };
		59A449D51AC2041100330D54 /* StarWarsTests.m in Sources */ = {isa = PBXBuildFile; fileRef = 59A449D41AC2041100330D54 /* StarWarsTests.m */; };
		59A5FBBE1AC444DE00346940 /* c-3po_icon.png in Resources */ = {isa = PBXBuildFile; fileRef = 59A5FBB41AC444DE00346940 /* c-3po_icon.png */; };
		59A5FBBF1AC444DE00346940 /* c-3po_icon@2x.png in Resources */ = {isa = PBXBuildFile; fileRef = 59A5FBB51AC444DE00346940 /* c-3po_icon@2x.png */; };
		59A5FBC01AC444DE00346940 /* chewbacca_icon.png in Resources */ = {isa = PBXBuildFile; fileRef = 59A5FBB61AC444DE00346940 /* chewbacca_icon.png */; };
		59A5FBC11AC444DE00346940 /* chewbacca_icon@2x.png in Resources */ = {isa = PBXBuildFile; fileRef = 59A5FBB71AC444DE00346940 /* chewbacca_icon@2x.png */; };
		59A5FBC21AC444DE00346940 /* r2d2_icon.png in Resources */ = {isa = PBXBuildFile; fileRef = 59A5FBB81AC444DE00346940 /* r2d2_icon.png */; };
		59A5FBC31AC444DE00346940 /* r2d2_icon@2x.png in Resources */ = {isa = PBXBuildFile; fileRef = 59A5FBB91AC444DE00346940 /* r2d2_icon@2x.png */; };
		59A5FBC41AC444DE00346940 /* vader_icon.png in Resources */ = {isa = PBXBuildFile; fileRef = 59A5FBBA1AC444DE00346940 /* vader_icon.png */; };
		59A5FBC51AC444DE00346940 /* vader_icon@2x.png in Resources */ = {isa = PBXBuildFile; fileRef = 59A5FBBB1AC444DE00346940 /* vader_icon@2x.png */; };
		59A5FBC61AC444DE00346940 /* yoda_icon.png in Resources */ = {isa = PBXBuildFile; fileRef = 59A5FBBC1AC444DE00346940 /* yoda_icon.png */; };
		59A5FBC71AC444DE00346940 /* yoda_icon@2x.png in Resources */ = {isa = PBXBuildFile; fileRef = 59A5FBBD1AC444DE00346940 /* yoda_icon@2x.png */; };
		59A5FBCA1AC4516500346940 /* DTCStarWarsUniverse.m in Sources */ = {isa = PBXBuildFile; fileRef = 59A5FBC91AC4516500346940 /* DTCStarWarsUniverse.m */; };
/* End PBXBuildFile section */

/* Begin PBXContainerItemProxy section */
		59A449CF1AC2041100330D54 /* PBXContainerItemProxy */ = {
			isa = PBXContainerItemProxy;
			containerPortal = 59A449B31AC2041100330D54 /* Project object */;
			proxyType = 1;
			remoteGlobalIDString = 59A449BA1AC2041100330D54;
			remoteInfo = StarWars;
		};
/* End PBXContainerItemProxy section */

/* Begin PBXFileReference section */
		599031051AC3FB8B0088A43A /* DTCStarWarsCharacter.h */ = {isa = PBXFileReference; fileEncoding = 4; lastKnownFileType = sourcecode.c.h; path = DTCStarWarsCharacter.h; sourceTree = "<group>"; };
		599031061AC3FB8B0088A43A /* DTCStarWarsCharacter.m */ = {isa = PBXFileReference; fileEncoding = 4; lastKnownFileType = sourcecode.c.objc; path = DTCStarWarsCharacter.m; sourceTree = "<group>"; };
		599031091AC3FED80088A43A /* DTCCharacterViewController.h */ = {isa = PBXFileReference; fileEncoding = 4; lastKnownFileType = sourcecode.c.h; path = DTCCharacterViewController.h; sourceTree = "<group>"; };
		5990310A1AC3FED80088A43A /* DTCCharacterViewController.m */ = {isa = PBXFileReference; fileEncoding = 4; lastKnownFileType = sourcecode.c.objc; path = DTCCharacterViewController.m; sourceTree = "<group>"; };
		5990310B1AC3FED80088A43A /* DTCCharacterViewController.xib */ = {isa = PBXFileReference; fileEncoding = 4; lastKnownFileType = file.xib; path = DTCCharacterViewController.xib; sourceTree = "<group>"; };
		5990310F1AC407380088A43A /* c3po.jpg */ = {isa = PBXFileReference; lastKnownFileType = image.jpeg; path = c3po.jpg; sourceTree = "<group>"; };
		599031101AC407380088A43A /* chewbacca.jpg */ = {isa = PBXFileReference; lastKnownFileType = image.jpeg; path = chewbacca.jpg; sourceTree = "<group>"; };
		599031111AC407380088A43A /* darthVader.jpg */ = {isa = PBXFileReference; lastKnownFileType = image.jpeg; path = darthVader.jpg; sourceTree = "<group>"; };
		599031121AC407380088A43A /* icon.png */ = {isa = PBXFileReference; lastKnownFileType = image.png; path = icon.png; sourceTree = "<group>"; };
		599031131AC407380088A43A /* iconSmall.png */ = {isa = PBXFileReference; lastKnownFileType = image.png; path = iconSmall.png; sourceTree = "<group>"; };
		599031141AC407380088A43A /* palpatine.jpg */ = {isa = PBXFileReference; lastKnownFileType = image.jpeg; path = palpatine.jpg; sourceTree = "<group>"; };
		599031151AC407380088A43A /* R2-D2.jpg */ = {isa = PBXFileReference; lastKnownFileType = image.jpeg; path = "R2-D2.jpg"; sourceTree = "<group>"; };
		599031161AC407380088A43A /* tarkin.jpg */ = {isa = PBXFileReference; lastKnownFileType = image.jpeg; path = tarkin.jpg; sourceTree = "<group>"; };
		599031171AC407380088A43A /* yoda.jpg */ = {isa = PBXFileReference; lastKnownFileType = image.jpeg; path = yoda.jpg; sourceTree = "<group>"; };
		599031181AC407380088A43A /* c3po.caf */ = {isa = PBXFileReference; lastKnownFileType = file; path = c3po.caf; sourceTree = "<group>"; };
		599031191AC407380088A43A /* chewbacca.caf */ = {isa = PBXFileReference; lastKnownFileType = file; path = chewbacca.caf; sourceTree = "<group>"; };
		5990311A1AC407380088A43A /* palpatine.caf */ = {isa = PBXFileReference; lastKnownFileType = file; path = palpatine.caf; sourceTree = "<group>"; };
		5990311B1AC407380088A43A /* r2-d2.caf */ = {isa = PBXFileReference; lastKnownFileType = file; path = "r2-d2.caf"; sourceTree = "<group>"; };
		5990311C1AC407380088A43A /* tarkin.caf */ = {isa = PBXFileReference; lastKnownFileType = file; path = tarkin.caf; sourceTree = "<group>"; };
		5990311D1AC407380088A43A /* vader.caf */ = {isa = PBXFileReference; lastKnownFileType = file; path = vader.caf; sourceTree = "<group>"; };
		5990311E1AC407380088A43A /* yoda.caf */ = {isa = PBXFileReference; lastKnownFileType = file; path = yoda.caf; sourceTree = "<group>"; };
		599031341AC40E5F0088A43A /* DTCAudioPlayer.h */ = {isa = PBXFileReference; fileEncoding = 4; lastKnownFileType = sourcecode.c.h; path = DTCAudioPlayer.h; sourceTree = "<group>"; };
		599031351AC40E5F0088A43A /* DTCAudioPlayer.m */ = {isa = PBXFileReference; fileEncoding = 4; lastKnownFileType = sourcecode.c.objc; path = DTCAudioPlayer.m; sourceTree = "<group>"; };
		599031371AC417660088A43A /* DTCWikiViewController.h */ = {isa = PBXFileReference; fileEncoding = 4; lastKnownFileType = sourcecode.c.h; path = DTCWikiViewController.h; sourceTree = "<group>"; };
		599031381AC417660088A43A /* DTCWikiViewController.m */ = {isa = PBXFileReference; fileEncoding = 4; lastKnownFileType = sourcecode.c.objc; path = DTCWikiViewController.m; sourceTree = "<group>"; };
		599031391AC417660088A43A /* DTCWikiViewController.xib */ = {isa = PBXFileReference; fileEncoding = 4; lastKnownFileType = file.xib; path = DTCWikiViewController.xib; sourceTree = "<group>"; };
		599F2DA81AC499670071A0F4 /* DTCUniverseTableViewController.h */ = {isa = PBXFileReference; fileEncoding = 4; lastKnownFileType = sourcecode.c.h; path = DTCUniverseTableViewController.h; sourceTree = "<group>"; };
		599F2DA91AC499670071A0F4 /* DTCUniverseTableViewController.m */ = {isa = PBXFileReference; fileEncoding = 4; lastKnownFileType = sourcecode.c.objc; path = DTCUniverseTableViewController.m; sourceTree = "<group>"; };
		59A449BB1AC2041100330D54 /* StarWars.app */ = {isa = PBXFileReference; explicitFileType = wrapper.application; includeInIndex = 0; path = StarWars.app; sourceTree = BUILT_PRODUCTS_DIR; };
		59A449BF1AC2041100330D54 /* Info.plist */ = {isa = PBXFileReference; lastKnownFileType = text.plist.xml; path = Info.plist; sourceTree = "<group>"; };
		59A449C01AC2041100330D54 /* main.m */ = {isa = PBXFileReference; lastKnownFileType = sourcecode.c.objc; path = main.m; sourceTree = "<group>"; };
		59A449C21AC2041100330D54 /* AppDelegate.h */ = {isa = PBXFileReference; lastKnownFileType = sourcecode.c.h; path = AppDelegate.h; sourceTree = "<group>"; };
		59A449C31AC2041100330D54 /* AppDelegate.m */ = {isa = PBXFileReference; lastKnownFileType = sourcecode.c.objc; path = AppDelegate.m; sourceTree = "<group>"; };
		59A449C51AC2041100330D54 /* Images.xcassets */ = {isa = PBXFileReference; lastKnownFileType = folder.assetcatalog; path = Images.xcassets; sourceTree = "<group>"; };
		59A449C81AC2041100330D54 /* Base */ = {isa = PBXFileReference; lastKnownFileType = file.xib; name = Base; path = Base.lproj/LaunchScreen.xib; sourceTree = "<group>"; };
		59A449CE1AC2041100330D54 /* StarWarsTests.xctest */ = {isa = PBXFileReference; explicitFileType = wrapper.cfbundle; includeInIndex = 0; path = StarWarsTests.xctest; sourceTree = BUILT_PRODUCTS_DIR; };
		59A449D31AC2041100330D54 /* Info.plist */ = {isa = PBXFileReference; lastKnownFileType = text.plist.xml; path = Info.plist; sourceTree = "<group>"; };
		59A449D41AC2041100330D54 /* StarWarsTests.m */ = {isa = PBXFileReference; lastKnownFileType = sourcecode.c.objc; path = StarWarsTests.m; sourceTree = "<group>"; };
		59A5FBB41AC444DE00346940 /* c-3po_icon.png */ = {isa = PBXFileReference; lastKnownFileType = image.png; path = "c-3po_icon.png"; sourceTree = "<group>"; };
		59A5FBB51AC444DE00346940 /* c-3po_icon@2x.png */ = {isa = PBXFileReference; lastKnownFileType = image.png; path = "c-3po_icon@2x.png"; sourceTree = "<group>"; };
		59A5FBB61AC444DE00346940 /* chewbacca_icon.png */ = {isa = PBXFileReference; lastKnownFileType = image.png; path = chewbacca_icon.png; sourceTree = "<group>"; };
		59A5FBB71AC444DE00346940 /* chewbacca_icon@2x.png */ = {isa = PBXFileReference; lastKnownFileType = image.png; path = "chewbacca_icon@2x.png"; sourceTree = "<group>"; };
		59A5FBB81AC444DE00346940 /* r2d2_icon.png */ = {isa = PBXFileReference; lastKnownFileType = image.png; path = r2d2_icon.png; sourceTree = "<group>"; };
		59A5FBB91AC444DE00346940 /* r2d2_icon@2x.png */ = {isa = PBXFileReference; lastKnownFileType = image.png; path = "r2d2_icon@2x.png"; sourceTree = "<group>"; };
		59A5FBBA1AC444DE00346940 /* vader_icon.png */ = {isa = PBXFileReference; lastKnownFileType = image.png; path = vader_icon.png; sourceTree = "<group>"; };
		59A5FBBB1AC444DE00346940 /* vader_icon@2x.png */ = {isa = PBXFileReference; lastKnownFileType = image.png; path = "vader_icon@2x.png"; sourceTree = "<group>"; };
		59A5FBBC1AC444DE00346940 /* yoda_icon.png */ = {isa = PBXFileReference; lastKnownFileType = image.png; path = yoda_icon.png; sourceTree = "<group>"; };
		59A5FBBD1AC444DE00346940 /* yoda_icon@2x.png */ = {isa = PBXFileReference; lastKnownFileType = image.png; path = "yoda_icon@2x.png"; sourceTree = "<group>"; };
		59A5FBC81AC4516500346940 /* DTCStarWarsUniverse.h */ = {isa = PBXFileReference; fileEncoding = 4; lastKnownFileType = sourcecode.c.h; path = DTCStarWarsUniverse.h; sourceTree = "<group>"; };
		59A5FBC91AC4516500346940 /* DTCStarWarsUniverse.m */ = {isa = PBXFileReference; fileEncoding = 4; lastKnownFileType = sourcecode.c.objc; path = DTCStarWarsUniverse.m; sourceTree = "<group>"; };
		59B1DDC51AC807CF0075EACB /* Settings.h */ = {isa = PBXFileReference; lastKnownFileType = sourcecode.c.h; path = Settings.h; sourceTree = "<group>"; };
/* End PBXFileReference section */

/* Begin PBXFrameworksBuildPhase section */
		59A449B81AC2041100330D54 /* Frameworks */ = {
			isa = PBXFrameworksBuildPhase;
			buildActionMask = 2147483647;
			files = (
			);
			runOnlyForDeploymentPostprocessing = 0;
		};
		59A449CB1AC2041100330D54 /* Frameworks */ = {
			isa = PBXFrameworksBuildPhase;
			buildActionMask = 2147483647;
			files = (
			);
			runOnlyForDeploymentPostprocessing = 0;
		};
/* End PBXFrameworksBuildPhase section */

/* Begin PBXGroup section */
		599031081AC3FB910088A43A /* Models */ = {
			isa = PBXGroup;
			children = (
				599031051AC3FB8B0088A43A /* DTCStarWarsCharacter.h */,
				599031061AC3FB8B0088A43A /* DTCStarWarsCharacter.m */,
				59A5FBC81AC4516500346940 /* DTCStarWarsUniverse.h */,
				59A5FBC91AC4516500346940 /* DTCStarWarsUniverse.m */,
			);
			name = Models;
			sourceTree = "<group>";
		};
		5990310E1AC3FEE10088A43A /* Controllers */ = {
			isa = PBXGroup;
			children = (
				599031091AC3FED80088A43A /* DTCCharacterViewController.h */,
				5990310A1AC3FED80088A43A /* DTCCharacterViewController.m */,
				5990310B1AC3FED80088A43A /* DTCCharacterViewController.xib */,
				599031371AC417660088A43A /* DTCWikiViewController.h */,
				599031381AC417660088A43A /* DTCWikiViewController.m */,
				599031391AC417660088A43A /* DTCWikiViewController.xib */,
				599F2DA81AC499670071A0F4 /* DTCUniverseTableViewController.h */,
				599F2DA91AC499670071A0F4 /* DTCUniverseTableViewController.m */,
			);
			name = Controllers;
			sourceTree = "<group>";
		};
		5990312F1AC4075D0088A43A /* Resources */ = {
			isa = PBXGroup;
			children = (
				59A5FBB41AC444DE00346940 /* c-3po_icon.png */,
				59A5FBB51AC444DE00346940 /* c-3po_icon@2x.png */,
				599031181AC407380088A43A /* c3po.caf */,
				5990310F1AC407380088A43A /* c3po.jpg */,
				59A5FBB61AC444DE00346940 /* chewbacca_icon.png */,
				59A5FBB71AC444DE00346940 /* chewbacca_icon@2x.png */,
				599031191AC407380088A43A /* chewbacca.caf */,
				599031101AC407380088A43A /* chewbacca.jpg */,
				599031111AC407380088A43A /* darthVader.jpg */,
				599031121AC407380088A43A /* icon.png */,
				599031131AC407380088A43A /* iconSmall.png */,
				5990311A1AC407380088A43A /* palpatine.caf */,
				599031141AC407380088A43A /* palpatine.jpg */,
				5990311B1AC407380088A43A /* r2-d2.caf */,
				599031151AC407380088A43A /* R2-D2.jpg */,
				59A5FBB81AC444DE00346940 /* r2d2_icon.png */,
				59A5FBB91AC444DE00346940 /* r2d2_icon@2x.png */,
				5990311C1AC407380088A43A /* tarkin.caf */,
				599031161AC407380088A43A /* tarkin.jpg */,
				59A5FBBA1AC444DE00346940 /* vader_icon.png */,
				59A5FBBB1AC444DE00346940 /* vader_icon@2x.png */,
				5990311D1AC407380088A43A /* vader.caf */,
				59A5FBBC1AC444DE00346940 /* yoda_icon.png */,
				59A5FBBD1AC444DE00346940 /* yoda_icon@2x.png */,
				5990311E1AC407380088A43A /* yoda.caf */,
				599031171AC407380088A43A /* yoda.jpg */,
			);
			name = Resources;
			sourceTree = "<group>";
		};
		599031331AC40C1D0088A43A /* Sound */ = {
			isa = PBXGroup;
			children = (
				599031341AC40E5F0088A43A /* DTCAudioPlayer.h */,
				599031351AC40E5F0088A43A /* DTCAudioPlayer.m */,
			);
			name = Sound;
			sourceTree = "<group>";
		};
		59A449B21AC2041100330D54 = {
			isa = PBXGroup;
			children = (
				59A449BD1AC2041100330D54 /* StarWars */,
				59A449D11AC2041100330D54 /* StarWarsTests */,
				59A449BC1AC2041100330D54 /* Products */,
			);
			sourceTree = "<group>";
		};
		59A449BC1AC2041100330D54 /* Products */ = {
			isa = PBXGroup;
			children = (
				59A449BB1AC2041100330D54 /* StarWars.app */,
				59A449CE1AC2041100330D54 /* StarWarsTests.xctest */,
			);
			name = Products;
			sourceTree = "<group>";
		};
		59A449BD1AC2041100330D54 /* StarWars */ = {
			isa = PBXGroup;
			children = (
				599031331AC40C1D0088A43A /* Sound */,
				5990312F1AC4075D0088A43A /* Resources */,
				5990310E1AC3FEE10088A43A /* Controllers */,
				599031081AC3FB910088A43A /* Models */,
				59A449C21AC2041100330D54 /* AppDelegate.h */,
				59A449C31AC2041100330D54 /* AppDelegate.m */,
				59A449C51AC2041100330D54 /* Images.xcassets */,
				59A449C71AC2041100330D54 /* LaunchScreen.xib */,
				59A449BE1AC2041100330D54 /* Supporting Files */,
				59B1DDC51AC807CF0075EACB /* Settings.h */,
			);
			path = StarWars;
			sourceTree = "<group>";
		};
		59A449BE1AC2041100330D54 /* Supporting Files */ = {
			isa = PBXGroup;
			children = (
				59A449BF1AC2041100330D54 /* Info.plist */,
				59A449C01AC2041100330D54 /* main.m */,
			);
			name = "Supporting Files";
			sourceTree = "<group>";
		};
		59A449D11AC2041100330D54 /* StarWarsTests */ = {
			isa = PBXGroup;
			children = (
				59A449D41AC2041100330D54 /* StarWarsTests.m */,
				59A449D21AC2041100330D54 /* Supporting Files */,
			);
			path = StarWarsTests;
			sourceTree = "<group>";
		};
		59A449D21AC2041100330D54 /* Supporting Files */ = {
			isa = PBXGroup;
			children = (
				59A449D31AC2041100330D54 /* Info.plist */,
			);
			name = "Supporting Files";
			sourceTree = "<group>";
		};
/* End PBXGroup section */

/* Begin PBXNativeTarget section */
		59A449BA1AC2041100330D54 /* StarWars */ = {
			isa = PBXNativeTarget;
			buildConfigurationList = 59A449D81AC2041100330D54 /* Build configuration list for PBXNativeTarget "StarWars" */;
			buildPhases = (
				59A449B71AC2041100330D54 /* Sources */,
				59A449B81AC2041100330D54 /* Frameworks */,
				59A449B91AC2041100330D54 /* Resources */,
			);
			buildRules = (
			);
			dependencies = (
			);
			name = StarWars;
			productName = StarWars;
			productReference = 59A449BB1AC2041100330D54 /* StarWars.app */;
			productType = "com.apple.product-type.application";
		};
		59A449CD1AC2041100330D54 /* StarWarsTests */ = {
			isa = PBXNativeTarget;
			buildConfigurationList = 59A449DB1AC2041100330D54 /* Build configuration list for PBXNativeTarget "StarWarsTests" */;
			buildPhases = (
				59A449CA1AC2041100330D54 /* Sources */,
				59A449CB1AC2041100330D54 /* Frameworks */,
				59A449CC1AC2041100330D54 /* Resources */,
			);
			buildRules = (
			);
			dependencies = (
				59A449D01AC2041100330D54 /* PBXTargetDependency */,
			);
			name = StarWarsTests;
			productName = StarWarsTests;
			productReference = 59A449CE1AC2041100330D54 /* StarWarsTests.xctest */;
			productType = "com.apple.product-type.bundle.unit-test";
		};
/* End PBXNativeTarget section */

/* Begin PBXProject section */
		59A449B31AC2041100330D54 /* Project object */ = {
			isa = PBXProject;
			attributes = {
				LastUpgradeCheck = 0620;
				ORGANIZATIONNAME = "David de Tena";
				TargetAttributes = {
					59A449BA1AC2041100330D54 = {
						CreatedOnToolsVersion = 6.2;
					};
					59A449CD1AC2041100330D54 = {
						CreatedOnToolsVersion = 6.2;
						TestTargetID = 59A449BA1AC2041100330D54;
					};
				};
			};
			buildConfigurationList = 59A449B61AC2041100330D54 /* Build configuration list for PBXProject "StarWars" */;
			compatibilityVersion = "Xcode 3.2";
			developmentRegion = English;
			hasScannedForEncodings = 0;
			knownRegions = (
				en,
				Base,
			);
			mainGroup = 59A449B21AC2041100330D54;
			productRefGroup = 59A449BC1AC2041100330D54 /* Products */;
			projectDirPath = "";
			projectRoot = "";
			targets = (
				59A449BA1AC2041100330D54 /* StarWars */,
				59A449CD1AC2041100330D54 /* StarWarsTests */,
			);
		};
/* End PBXProject section */

/* Begin PBXResourcesBuildPhase section */
		59A449B91AC2041100330D54 /* Resources */ = {
			isa = PBXResourcesBuildPhase;
			buildActionMask = 2147483647;
			files = (
				5990311F1AC407380088A43A /* c3po.jpg in Resources */,
				59A5FBBE1AC444DE00346940 /* c-3po_icon.png in Resources */,
				599031251AC407380088A43A /* R2-D2.jpg in Resources */,
				599031291AC407380088A43A /* chewbacca.caf in Resources */,
				599031221AC407380088A43A /* icon.png in Resources */,
				5990313B1AC417660088A43A /* DTCWikiViewController.xib in Resources */,
				599031261AC407380088A43A /* tarkin.jpg in Resources */,
				599031271AC407380088A43A /* yoda.jpg in Resources */,
				5990312C1AC407380088A43A /* tarkin.caf in Resources */,
				599031241AC407380088A43A /* palpatine.jpg in Resources */,
				59A5FBC71AC444DE00346940 /* yoda_icon@2x.png in Resources */,
				59A5FBC01AC444DE00346940 /* chewbacca_icon.png in Resources */,
				59A5FBC21AC444DE00346940 /* r2d2_icon.png in Resources */,
				599031231AC407380088A43A /* iconSmall.png in Resources */,
				59A5FBC61AC444DE00346940 /* yoda_icon.png in Resources */,
				59A5FBC31AC444DE00346940 /* r2d2_icon@2x.png in Resources */,
				5990312E1AC407380088A43A /* yoda.caf in Resources */,
				5990312B1AC407380088A43A /* r2-d2.caf in Resources */,
				5990310D1AC3FED80088A43A /* DTCCharacterViewController.xib in Resources */,
				599031281AC407380088A43A /* c3po.caf in Resources */,
				599031211AC407380088A43A /* darthVader.jpg in Resources */,
				59A5FBBF1AC444DE00346940 /* c-3po_icon@2x.png in Resources */,
				59A5FBC51AC444DE00346940 /* vader_icon@2x.png in Resources */,
				5990312D1AC407380088A43A /* vader.caf in Resources */,
				59A5FBC11AC444DE00346940 /* chewbacca_icon@2x.png in Resources */,
				599031201AC407380088A43A /* chewbacca.jpg in Resources */,
				59A449C91AC2041100330D54 /* LaunchScreen.xib in Resources */,
				59A5FBC41AC444DE00346940 /* vader_icon.png in Resources */,
				59A449C61AC2041100330D54 /* Images.xcassets in Resources */,
				5990312A1AC407380088A43A /* palpatine.caf in Resources */,
			);
			runOnlyForDeploymentPostprocessing = 0;
		};
		59A449CC1AC2041100330D54 /* Resources */ = {
			isa = PBXResourcesBuildPhase;
			buildActionMask = 2147483647;
			files = (
			);
			runOnlyForDeploymentPostprocessing = 0;
		};
/* End PBXResourcesBuildPhase section */

/* Begin PBXSourcesBuildPhase section */
		59A449B71AC2041100330D54 /* Sources */ = {
			isa = PBXSourcesBuildPhase;
			buildActionMask = 2147483647;
			files = (
				59A449C41AC2041100330D54 /* AppDelegate.m in Sources */,
				599031071AC3FB8B0088A43A /* DTCStarWarsCharacter.m in Sources */,
				59A5FBCA1AC4516500346940 /* DTCStarWarsUniverse.m in Sources */,
				5990313A1AC417660088A43A /* DTCWikiViewController.m in Sources */,
				599F2DAA1AC499670071A0F4 /* DTCUniverseTableViewController.m in Sources */,
				599031361AC40E5F0088A43A /* DTCAudioPlayer.m in Sources */,
				5990310C1AC3FED80088A43A /* DTCCharacterViewController.m in Sources */,
				59A449C11AC2041100330D54 /* main.m in Sources */,
			);
			runOnlyForDeploymentPostprocessing = 0;
		};
		59A449CA1AC2041100330D54 /* Sources */ = {
			isa = PBXSourcesBuildPhase;
			buildActionMask = 2147483647;
			files = (
				59A449D51AC2041100330D54 /* StarWarsTests.m in Sources */,
			);
			runOnlyForDeploymentPostprocessing = 0;
		};
/* End PBXSourcesBuildPhase section */

/* Begin PBXTargetDependency section */
		59A449D01AC2041100330D54 /* PBXTargetDependency */ = {
			isa = PBXTargetDependency;
			target = 59A449BA1AC2041100330D54 /* StarWars */;
			targetProxy = 59A449CF1AC2041100330D54 /* PBXContainerItemProxy */;
		};
/* End PBXTargetDependency section */

/* Begin PBXVariantGroup section */
		59A449C71AC2041100330D54 /* LaunchScreen.xib */ = {
			isa = PBXVariantGroup;
			children = (
				59A449C81AC2041100330D54 /* Base */,
			);
			name = LaunchScreen.xib;
			sourceTree = "<group>";
		};
/* End PBXVariantGroup section */

/* Begin XCBuildConfiguration section */
		59A449D61AC2041100330D54 /* Debug */ = {
			isa = XCBuildConfiguration;
			buildSettings = {
				ALWAYS_SEARCH_USER_PATHS = NO;
				CLANG_CXX_LANGUAGE_STANDARD = "gnu++0x";
				CLANG_CXX_LIBRARY = "libc++";
				CLANG_ENABLE_MODULES = YES;
				CLANG_ENABLE_OBJC_ARC = YES;
				CLANG_WARN_BOOL_CONVERSION = YES;
				CLANG_WARN_CONSTANT_CONVERSION = YES;
				CLANG_WARN_DIRECT_OBJC_ISA_USAGE = YES_ERROR;
				CLANG_WARN_EMPTY_BODY = YES;
				CLANG_WARN_ENUM_CONVERSION = YES;
				CLANG_WARN_INT_CONVERSION = YES;
				CLANG_WARN_OBJC_ROOT_CLASS = YES_ERROR;
				CLANG_WARN_UNREACHABLE_CODE = YES;
				CLANG_WARN__DUPLICATE_METHOD_MATCH = YES;
				"CODE_SIGN_IDENTITY[sdk=iphoneos*]" = "iPhone Developer";
				COPY_PHASE_STRIP = NO;
				ENABLE_STRICT_OBJC_MSGSEND = YES;
				GCC_C_LANGUAGE_STANDARD = gnu99;
				GCC_DYNAMIC_NO_PIC = NO;
				GCC_OPTIMIZATION_LEVEL = 0;
				GCC_PREPROCESSOR_DEFINITIONS = (
					"DEBUG=1",
					"$(inherited)",
				);
				GCC_SYMBOLS_PRIVATE_EXTERN = NO;
				GCC_WARN_64_TO_32_BIT_CONVERSION = YES;
				GCC_WARN_ABOUT_RETURN_TYPE = YES_ERROR;
				GCC_WARN_UNDECLARED_SELECTOR = YES;
				GCC_WARN_UNINITIALIZED_AUTOS = YES_AGGRESSIVE;
				GCC_WARN_UNUSED_FUNCTION = YES;
				GCC_WARN_UNUSED_VARIABLE = YES;
				IPHONEOS_DEPLOYMENT_TARGET = 8.2;
				MTL_ENABLE_DEBUG_INFO = YES;
				ONLY_ACTIVE_ARCH = YES;
				SDKROOT = iphoneos;
				TARGETED_DEVICE_FAMILY = 2;
			};
			name = Debug;
		};
		59A449D71AC2041100330D54 /* Release */ = {
			isa = XCBuildConfiguration;
			buildSettings = {
				ALWAYS_SEARCH_USER_PATHS = NO;
				CLANG_CXX_LANGUAGE_STANDARD = "gnu++0x";
				CLANG_CXX_LIBRARY = "libc++";
				CLANG_ENABLE_MODULES = YES;
				CLANG_ENABLE_OBJC_ARC = YES;
				CLANG_WARN_BOOL_CONVERSION = YES;
				CLANG_WARN_CONSTANT_CONVERSION = YES;
				CLANG_WARN_DIRECT_OBJC_ISA_USAGE = YES_ERROR;
				CLANG_WARN_EMPTY_BODY = YES;
				CLANG_WARN_ENUM_CONVERSION = YES;
				CLANG_WARN_INT_CONVERSION = YES;
				CLANG_WARN_OBJC_ROOT_CLASS = YES_ERROR;
				CLANG_WARN_UNREACHABLE_CODE = YES;
				CLANG_WARN__DUPLICATE_METHOD_MATCH = YES;
				"CODE_SIGN_IDENTITY[sdk=iphoneos*]" = "iPhone Developer";
				COPY_PHASE_STRIP = NO;
				ENABLE_NS_ASSERTIONS = NO;
				ENABLE_STRICT_OBJC_MSGSEND = YES;
				GCC_C_LANGUAGE_STANDARD = gnu99;
				GCC_WARN_64_TO_32_BIT_CONVERSION = YES;
				GCC_WARN_ABOUT_RETURN_TYPE = YES_ERROR;
				GCC_WARN_UNDECLARED_SELECTOR = YES;
				GCC_WARN_UNINITIALIZED_AUTOS = YES_AGGRESSIVE;
				GCC_WARN_UNUSED_FUNCTION = YES;
				GCC_WARN_UNUSED_VARIABLE = YES;
				IPHONEOS_DEPLOYMENT_TARGET = 8.2;
				MTL_ENABLE_DEBUG_INFO = NO;
				SDKROOT = iphoneos;
				TARGETED_DEVICE_FAMILY = 2;
				VALIDATE_PRODUCT = YES;
			};
			name = Release;
		};
		59A449D91AC2041100330D54 /* Debug */ = {
			isa = XCBuildConfiguration;
			buildSettings = {
				ASSETCATALOG_COMPILER_APPICON_NAME = AppIcon;
				INFOPLIST_FILE = StarWars/Info.plist;
				LD_RUNPATH_SEARCH_PATHS = "$(inherited) @executable_path/Frameworks";
				PRODUCT_NAME = "$(TARGET_NAME)";
				TARGETED_DEVICE_FAMILY = "1,2";
			};
			name = Debug;
		};
		59A449DA1AC2041100330D54 /* Release */ = {
			isa = XCBuildConfiguration;
			buildSettings = {
				ASSETCATALOG_COMPILER_APPICON_NAME = AppIcon;
				INFOPLIST_FILE = StarWars/Info.plist;
				LD_RUNPATH_SEARCH_PATHS = "$(inherited) @executable_path/Frameworks";
				PRODUCT_NAME = "$(TARGET_NAME)";
				TARGETED_DEVICE_FAMILY = "1,2";
			};
			name = Release;
		};
		59A449DC1AC2041100330D54 /* Debug */ = {
			isa = XCBuildConfiguration;
			buildSettings = {
				BUNDLE_LOADER = "$(TEST_HOST)";
				FRAMEWORK_SEARCH_PATHS = (
					"$(SDKROOT)/Developer/Library/Frameworks",
					"$(inherited)",
				);
				GCC_PREPROCESSOR_DEFINITIONS = (
					"DEBUG=1",
					"$(inherited)",
				);
				INFOPLIST_FILE = StarWarsTests/Info.plist;
				LD_RUNPATH_SEARCH_PATHS = "$(inherited) @executable_path/Frameworks @loader_path/Frameworks";
				PRODUCT_NAME = "$(TARGET_NAME)";
				TEST_HOST = "$(BUILT_PRODUCTS_DIR)/StarWars.app/StarWars";
			};
			name = Debug;
		};
		59A449DD1AC2041100330D54 /* Release */ = {
			isa = XCBuildConfiguration;
			buildSettings = {
				BUNDLE_LOADER = "$(TEST_HOST)";
				FRAMEWORK_SEARCH_PATHS = (
					"$(SDKROOT)/Developer/Library/Frameworks",
					"$(inherited)",
				);
				INFOPLIST_FILE = StarWarsTests/Info.plist;
				LD_RUNPATH_SEARCH_PATHS = "$(inherited) @executable_path/Frameworks @loader_path/Frameworks";
				PRODUCT_NAME = "$(TARGET_NAME)";
				TEST_HOST = "$(BUILT_PRODUCTS_DIR)/StarWars.app/StarWars";
			};
			name = Release;
		};
/* End XCBuildConfiguration section */

/* Begin XCConfigurationList section */
		59A449B61AC2041100330D54 /* Build configuration list for PBXProject "StarWars" */ = {
			isa = XCConfigurationList;
			buildConfigurations = (
				59A449D61AC2041100330D54 /* Debug */,
				59A449D71AC2041100330D54 /* Release */,
			);
			defaultConfigurationIsVisible = 0;
			defaultConfigurationName = Release;
		};
		59A449D81AC2041100330D54 /* Build configuration list for PBXNativeTarget "StarWars" */ = {
			isa = XCConfigurationList;
			buildConfigurations = (
				59A449D91AC2041100330D54 /* Debug */,
				59A449DA1AC2041100330D54 /* Release */,
			);
			defaultConfigurationIsVisible = 0;
			defaultConfigurationName = Release;
		};
		59A449DB1AC2041100330D54 /* Build configuration list for PBXNativeTarget "StarWarsTests" */ = {
			isa = XCConfigurationList;
			buildConfigurations = (
				59A449DC1AC2041100330D54 /* Debug */,
				59A449DD1AC2041100330D54 /* Release */,
			);
			defaultConfigurationIsVisible = 0;
			defaultConfigurationName = Release;
		};
/* End XCConfigurationList section */
	};
	rootObject = 59A449B31AC2041100330D54 /* Project object */;
}
